
Microsoft Visual Studio Solution File, Format Version 12.00
# Visual Studio Version 17
VisualStudioVersion = 17.1.32328.378
MinimumVisualStudioVersion = 10.0.40219.1
Project("{FAE04EC0-301F-11D3-BF4B-00C04F79EFBC}") = "EmployeeWage", "EmployeeWage\EmployeeWage.csproj", "{299251CB-20E3-4DBA-A718-2B971E76E835}"
EndProject
Project("{FAE04EC0-301F-11D3-BF4B-00C04F79EFBC}") = "Line_Comparison_Problem", "Line_Comparison_Problem\Line_Comparison_Problem.csproj", "{F814F4E3-EF86-41A1-B0C9-BD5F37FCE043}"
EndProject
Global
	GlobalSection(SolutionConfigurationPlatforms) = preSolution
		Debug|Any CPU = Debug|Any CPU
		Release|Any CPU = Release|Any CPU
	EndGlobalSection
	GlobalSection(ProjectConfigurationPlatforms) = postSolution
		{299251CB-20E3-4DBA-A718-2B971E76E835}.Debug|Any CPU.ActiveCfg = Debug|Any CPU
		{299251CB-20E3-4DBA-A718-2B971E76E835}.Debug|Any CPU.Build.0 = Debug|Any CPU
		{299251CB-20E3-4DBA-A718-2B971E76E835}.Release|Any CPU.ActiveCfg = Release|Any CPU
		{299251CB-20E3-4DBA-A718-2B971E76E835}.Release|Any CPU.Build.0 = Release|Any CPU
		{F814F4E3-EF86-41A1-B0C9-BD5F37FCE043}.Debug|Any CPU.ActiveCfg = Debug|Any CPU
		{F814F4E3-EF86-41A1-B0C9-BD5F37FCE043}.Debug|Any CPU.Build.0 = Debug|Any CPU
		{F814F4E3-EF86-41A1-B0C9-BD5F37FCE043}.Release|Any CPU.ActiveCfg = Release|Any CPU
		{F814F4E3-EF86-41A1-B0C9-BD5F37FCE043}.Release|Any CPU.Build.0 = Release|Any CPU
	EndGlobalSection
	GlobalSection(SolutionProperties) = preSolution
		HideSolutionNode = FALSE
	EndGlobalSection
	GlobalSection(ExtensibilityGlobals) = postSolution
		SolutionGuid = {D9BE8353-B3E2-44AD-A318-04919787A9F7}
	EndGlobalSection
EndGlobal
